
Microsoft Visual Studio Solution File, Format Version 12.00
# Visual Studio 15
VisualStudioVersion = 15.0.28010.2046
MinimumVisualStudioVersion = 10.0.40219.1
Project("{9A19103F-16F7-4668-BE54-9A1E7A4F7556}") = "KorepetycjeNaJuz", "KorepetycjeNaJuz\KorepetycjeNaJuz.csproj", "{9F083CAC-271F-4024-AB4C-EDAB0DE24CF4}"
EndProject
Project("{9A19103F-16F7-4668-BE54-9A1E7A4F7556}") = "KorepetycjeNaJuz.Infrastructure", "KorepetycjeNaJuz.Data\KorepetycjeNaJuz.Infrastructure.csproj", "{DA0D1FFB-DC15-4E19-BC90-D021FBCA5D4C}"
EndProject
Project("{FAE04EC0-301F-11D3-BF4B-00C04F79EFBC}") = "KorepetycjeNaJuz.Core", "Core\KorepetycjeNaJuz.Core.csproj", "{AA62525B-D000-4B39-891B-98D871C2855E}"
EndProject
Global
	GlobalSection(SolutionConfigurationPlatforms) = preSolution
		Debug|Any CPU = Debug|Any CPU
		Release|Any CPU = Release|Any CPU
	EndGlobalSection
	GlobalSection(ProjectConfigurationPlatforms) = postSolution
		{9F083CAC-271F-4024-AB4C-EDAB0DE24CF4}.Debug|Any CPU.ActiveCfg = Debug|Any CPU
		{9F083CAC-271F-4024-AB4C-EDAB0DE24CF4}.Debug|Any CPU.Build.0 = Debug|Any CPU
		{9F083CAC-271F-4024-AB4C-EDAB0DE24CF4}.Release|Any CPU.ActiveCfg = Release|Any CPU
		{9F083CAC-271F-4024-AB4C-EDAB0DE24CF4}.Release|Any CPU.Build.0 = Release|Any CPU
		{DA0D1FFB-DC15-4E19-BC90-D021FBCA5D4C}.Debug|Any CPU.ActiveCfg = Debug|Any CPU
		{DA0D1FFB-DC15-4E19-BC90-D021FBCA5D4C}.Debug|Any CPU.Build.0 = Debug|Any CPU
		{DA0D1FFB-DC15-4E19-BC90-D021FBCA5D4C}.Release|Any CPU.ActiveCfg = Release|Any CPU
		{DA0D1FFB-DC15-4E19-BC90-D021FBCA5D4C}.Release|Any CPU.Build.0 = Release|Any CPU
		{AA62525B-D000-4B39-891B-98D871C2855E}.Debug|Any CPU.ActiveCfg = Debug|Any CPU
		{AA62525B-D000-4B39-891B-98D871C2855E}.Debug|Any CPU.Build.0 = Debug|Any CPU
		{AA62525B-D000-4B39-891B-98D871C2855E}.Release|Any CPU.ActiveCfg = Release|Any CPU
		{AA62525B-D000-4B39-891B-98D871C2855E}.Release|Any CPU.Build.0 = Release|Any CPU
	EndGlobalSection
	GlobalSection(SolutionProperties) = preSolution
		HideSolutionNode = FALSE
	EndGlobalSection
	GlobalSection(ExtensibilityGlobals) = postSolution
		SolutionGuid = {F3FBCA73-64BE-4DAA-8F79-5B1B3EF2C1CB}
	EndGlobalSection
EndGlobal
